
Microsoft Visual Studio Solution File, Format Version 12.00
# Visual Studio Version 17
VisualStudioVersion = 17.11.35222.181
MinimumVisualStudioVersion = 10.0.40219.1
Project("{FAE04EC0-301F-11D3-BF4B-00C04F79EFBC}") = "FormBootstrap", "Bootcamp-.NET-Winforms-Esplai\FormBootstrap.csproj", "{3957C90A-9771-46CD-B35D-B3FBA5C8A287}"
EndProject
Project("{FAE04EC0-301F-11D3-BF4B-00C04F79EFBC}") = "HospitalManagement", "HospitalManagement\HospitalManagement.csproj", "{16E8F733-19D2-4FC5-8153-FC74809BAAA1}"
EndProject
Global
	GlobalSection(SolutionConfigurationPlatforms) = preSolution
		Debug|Any CPU = Debug|Any CPU
		Release|Any CPU = Release|Any CPU
	EndGlobalSection
	GlobalSection(ProjectConfigurationPlatforms) = postSolution
		{3957C90A-9771-46CD-B35D-B3FBA5C8A287}.Debug|Any CPU.ActiveCfg = Debug|Any CPU
		{3957C90A-9771-46CD-B35D-B3FBA5C8A287}.Debug|Any CPU.Build.0 = Debug|Any CPU
		{3957C90A-9771-46CD-B35D-B3FBA5C8A287}.Release|Any CPU.ActiveCfg = Release|Any CPU
		{3957C90A-9771-46CD-B35D-B3FBA5C8A287}.Release|Any CPU.Build.0 = Release|Any CPU
		{16E8F733-19D2-4FC5-8153-FC74809BAAA1}.Debug|Any CPU.ActiveCfg = Debug|Any CPU
		{16E8F733-19D2-4FC5-8153-FC74809BAAA1}.Debug|Any CPU.Build.0 = Debug|Any CPU
		{16E8F733-19D2-4FC5-8153-FC74809BAAA1}.Release|Any CPU.ActiveCfg = Release|Any CPU
		{16E8F733-19D2-4FC5-8153-FC74809BAAA1}.Release|Any CPU.Build.0 = Release|Any CPU
	EndGlobalSection
	GlobalSection(SolutionProperties) = preSolution
		HideSolutionNode = FALSE
	EndGlobalSection
	GlobalSection(ExtensibilityGlobals) = postSolution
		SolutionGuid = {04F18913-9E54-4FAA-8ED8-A0FD1B420274}
	EndGlobalSection
EndGlobal
